// !$*UTF8*$!
{
	archiveVersion = 1;
	classes = {
	};
	objectVersion = 51;
	objects = {

/* Begin PBXBuildFile section */
		4C10F18B2399490F00D60714 /* OfferCell.swift in Sources */ = {isa = PBXBuildFile; fileRef = 4C10F18A2399490E00D60714 /* OfferCell.swift */; };
		4C10F18D2399492E00D60714 /* Offer.storyboard in Resources */ = {isa = PBXBuildFile; fileRef = 4C10F18C2399492E00D60714 /* Offer.storyboard */; };
		4C10F190239949DF00D60714 /* Fonts in Resources */ = {isa = PBXBuildFile; fileRef = 4C10F18F239949DF00D60714 /* Fonts */; };
		4C10F19423994B3000D60714 /* Main.storyboard in Resources */ = {isa = PBXBuildFile; fileRef = 4C10F19323994B3000D60714 /* Main.storyboard */; };
		4C1B86D6239945B200E2BB9B /* AppDelegate.swift in Sources */ = {isa = PBXBuildFile; fileRef = 4C1B86D5239945B200E2BB9B /* AppDelegate.swift */; };
		4C1B86D8239945B200E2BB9B /* SceneDelegate.swift in Sources */ = {isa = PBXBuildFile; fileRef = 4C1B86D7239945B200E2BB9B /* SceneDelegate.swift */; };
		4C1B86DA239945B200E2BB9B /* OfferViewController.swift in Sources */ = {isa = PBXBuildFile; fileRef = 4C1B86D9239945B200E2BB9B /* OfferViewController.swift */; };
		4C1B86DF239945B400E2BB9B /* Assets.xcassets in Resources */ = {isa = PBXBuildFile; fileRef = 4C1B86DE239945B400E2BB9B /* Assets.xcassets */; };
		4C1B86E2239945B400E2BB9B /* LaunchScreen.storyboard in Resources */ = {isa = PBXBuildFile; fileRef = 4C1B86E0239945B400E2BB9B /* LaunchScreen.storyboard */; };
		4C1B86ED239945B400E2BB9B /* EmplateTests.swift in Sources */ = {isa = PBXBuildFile; fileRef = 4C1B86EC239945B400E2BB9B /* EmplateTests.swift */; };
		4CD0EEA6239A6E9800AE7A2F /* NetworkManager.swift in Sources */ = {isa = PBXBuildFile; fileRef = 4CD0EEA5239A6E9800AE7A2F /* NetworkManager.swift */; };
		4CD0EEA8239A76D200AE7A2F /* Offer.swift in Sources */ = {isa = PBXBuildFile; fileRef = 4CD0EEA7239A76D200AE7A2F /* Offer.swift */; };
		4CD0EEAA239A788600AE7A2F /* PostField.swift in Sources */ = {isa = PBXBuildFile; fileRef = 4CD0EEA9239A788600AE7A2F /* PostField.swift */; };
		4CD0EEAC239A794C00AE7A2F /* PostPeriod.swift in Sources */ = {isa = PBXBuildFile; fileRef = 4CD0EEAB239A794C00AE7A2F /* PostPeriod.swift */; };
		4CD0EEAE239A795C00AE7A2F /* Thumbnail.swift in Sources */ = {isa = PBXBuildFile; fileRef = 4CD0EEAD239A795C00AE7A2F /* Thumbnail.swift */; };
		4CD0EEB0239A7AED00AE7A2F /* Urls.swift in Sources */ = {isa = PBXBuildFile; fileRef = 4CD0EEAF239A7AED00AE7A2F /* Urls.swift */; };
		4CD0EEB2239AAFD000AE7A2F /* OfferPresenter.swift in Sources */ = {isa = PBXBuildFile; fileRef = 4CD0EEB1239AAFD000AE7A2F /* OfferPresenter.swift */; };
		AD142ABA868B16603148D500 /* Pods_EmplateTests.framework in Frameworks */ = {isa = PBXBuildFile; fileRef = 99AD14938340D886EE1363A7 /* Pods_EmplateTests.framework */; };
		EB1AE1F50697852ECE1A3A12 /* Pods_Emplate.framework in Frameworks */ = {isa = PBXBuildFile; fileRef = 8D12A8C7A5E3CCF26B8DD41F /* Pods_Emplate.framework */; };
/* End PBXBuildFile section */

/* Begin PBXContainerItemProxy section */
		4C1B86E9239945B400E2BB9B /* PBXContainerItemProxy */ = {
			isa = PBXContainerItemProxy;
			containerPortal = 4C1B86CA239945B200E2BB9B /* Project object */;
			proxyType = 1;
			remoteGlobalIDString = 4C1B86D1239945B200E2BB9B;
			remoteInfo = Emplate;
		};
/* End PBXContainerItemProxy section */

/* Begin PBXFileReference section */
		0939EF47685042A07BDB6D00 /* Pods-Emplate.release.xcconfig */ = {isa = PBXFileReference; includeInIndex = 1; lastKnownFileType = text.xcconfig; name = "Pods-Emplate.release.xcconfig"; path = "Target Support Files/Pods-Emplate/Pods-Emplate.release.xcconfig"; sourceTree = "<group>"; };
		0A502A4824A3D01185E20115 /* Pods-EmplateTests.debug.xcconfig */ = {isa = PBXFileReference; includeInIndex = 1; lastKnownFileType = text.xcconfig; name = "Pods-EmplateTests.debug.xcconfig"; path = "Target Support Files/Pods-EmplateTests/Pods-EmplateTests.debug.xcconfig"; sourceTree = "<group>"; };
		4C10F18A2399490E00D60714 /* OfferCell.swift */ = {isa = PBXFileReference; fileEncoding = 4; lastKnownFileType = sourcecode.swift; path = OfferCell.swift; sourceTree = "<group>"; };
		4C10F18C2399492E00D60714 /* Offer.storyboard */ = {isa = PBXFileReference; fileEncoding = 4; lastKnownFileType = file.storyboard; path = Offer.storyboard; sourceTree = "<group>"; };
		4C10F18F239949DF00D60714 /* Fonts */ = {isa = PBXFileReference; lastKnownFileType = folder; path = Fonts; sourceTree = "<group>"; };
		4C10F191239949E300D60714 /* SF-UI-Display-Medium.otf */ = {isa = PBXFileReference; lastKnownFileType = file; path = "SF-UI-Display-Medium.otf"; sourceTree = "<group>"; };
		4C10F192239949E500D60714 /* SFUIText-Medium.ttf */ = {isa = PBXFileReference; lastKnownFileType = file; path = "SFUIText-Medium.ttf"; sourceTree = "<group>"; };
		4C10F19323994B3000D60714 /* Main.storyboard */ = {isa = PBXFileReference; lastKnownFileType = file.storyboard; path = Main.storyboard; sourceTree = "<group>"; };
		4C1B86D2239945B200E2BB9B /* Emplate.app */ = {isa = PBXFileReference; explicitFileType = wrapper.application; includeInIndex = 0; path = Emplate.app; sourceTree = BUILT_PRODUCTS_DIR; };
		4C1B86D5239945B200E2BB9B /* AppDelegate.swift */ = {isa = PBXFileReference; lastKnownFileType = sourcecode.swift; path = AppDelegate.swift; sourceTree = "<group>"; };
		4C1B86D7239945B200E2BB9B /* SceneDelegate.swift */ = {isa = PBXFileReference; lastKnownFileType = sourcecode.swift; path = SceneDelegate.swift; sourceTree = "<group>"; };
		4C1B86D9239945B200E2BB9B /* OfferViewController.swift */ = {isa = PBXFileReference; lastKnownFileType = sourcecode.swift; path = OfferViewController.swift; sourceTree = "<group>"; };
		4C1B86DE239945B400E2BB9B /* Assets.xcassets */ = {isa = PBXFileReference; lastKnownFileType = folder.assetcatalog; path = Assets.xcassets; sourceTree = "<group>"; };
		4C1B86E1239945B400E2BB9B /* Base */ = {isa = PBXFileReference; lastKnownFileType = file.storyboard; name = Base; path = Base.lproj/LaunchScreen.storyboard; sourceTree = "<group>"; };
		4C1B86E3239945B400E2BB9B /* Info.plist */ = {isa = PBXFileReference; lastKnownFileType = text.plist.xml; path = Info.plist; sourceTree = "<group>"; };
		4C1B86E8239945B400E2BB9B /* EmplateTests.xctest */ = {isa = PBXFileReference; explicitFileType = wrapper.cfbundle; includeInIndex = 0; path = EmplateTests.xctest; sourceTree = BUILT_PRODUCTS_DIR; };
		4C1B86EC239945B400E2BB9B /* EmplateTests.swift */ = {isa = PBXFileReference; lastKnownFileType = sourcecode.swift; path = EmplateTests.swift; sourceTree = "<group>"; };
		4C1B86EE239945B400E2BB9B /* Info.plist */ = {isa = PBXFileReference; lastKnownFileType = text.plist.xml; path = Info.plist; sourceTree = "<group>"; };
		4CD0EEA5239A6E9800AE7A2F /* NetworkManager.swift */ = {isa = PBXFileReference; lastKnownFileType = sourcecode.swift; path = NetworkManager.swift; sourceTree = "<group>"; };
		4CD0EEA7239A76D200AE7A2F /* Offer.swift */ = {isa = PBXFileReference; lastKnownFileType = sourcecode.swift; path = Offer.swift; sourceTree = "<group>"; };
		4CD0EEA9239A788600AE7A2F /* PostField.swift */ = {isa = PBXFileReference; lastKnownFileType = sourcecode.swift; path = PostField.swift; sourceTree = "<group>"; };
		4CD0EEAB239A794C00AE7A2F /* PostPeriod.swift */ = {isa = PBXFileReference; lastKnownFileType = sourcecode.swift; path = PostPeriod.swift; sourceTree = "<group>"; };
		4CD0EEAD239A795C00AE7A2F /* Thumbnail.swift */ = {isa = PBXFileReference; lastKnownFileType = sourcecode.swift; path = Thumbnail.swift; sourceTree = "<group>"; };
		4CD0EEAF239A7AED00AE7A2F /* Urls.swift */ = {isa = PBXFileReference; lastKnownFileType = sourcecode.swift; path = Urls.swift; sourceTree = "<group>"; };
		4CD0EEB1239AAFD000AE7A2F /* OfferPresenter.swift */ = {isa = PBXFileReference; lastKnownFileType = sourcecode.swift; path = OfferPresenter.swift; sourceTree = "<group>"; };
		7AF20036BBBDFD2FE226C7C8 /* Pods-EmplateTests.release.xcconfig */ = {isa = PBXFileReference; includeInIndex = 1; lastKnownFileType = text.xcconfig; name = "Pods-EmplateTests.release.xcconfig"; path = "Target Support Files/Pods-EmplateTests/Pods-EmplateTests.release.xcconfig"; sourceTree = "<group>"; };
		8D12A8C7A5E3CCF26B8DD41F /* Pods_Emplate.framework */ = {isa = PBXFileReference; explicitFileType = wrapper.framework; includeInIndex = 0; path = Pods_Emplate.framework; sourceTree = BUILT_PRODUCTS_DIR; };
		99AD14938340D886EE1363A7 /* Pods_EmplateTests.framework */ = {isa = PBXFileReference; explicitFileType = wrapper.framework; includeInIndex = 0; path = Pods_EmplateTests.framework; sourceTree = BUILT_PRODUCTS_DIR; };
		CF400B1245C5B2AAED89C4DD /* Pods-Emplate.debug.xcconfig */ = {isa = PBXFileReference; includeInIndex = 1; lastKnownFileType = text.xcconfig; name = "Pods-Emplate.debug.xcconfig"; path = "Target Support Files/Pods-Emplate/Pods-Emplate.debug.xcconfig"; sourceTree = "<group>"; };
/* End PBXFileReference section */

/* Begin PBXFrameworksBuildPhase section */
		4C1B86CF239945B200E2BB9B /* Frameworks */ = {
			isa = PBXFrameworksBuildPhase;
			buildActionMask = 2147483647;
			files = (
				EB1AE1F50697852ECE1A3A12 /* Pods_Emplate.framework in Frameworks */,
			);
			runOnlyForDeploymentPostprocessing = 0;
		};
		4C1B86E5239945B400E2BB9B /* Frameworks */ = {
			isa = PBXFrameworksBuildPhase;
			buildActionMask = 2147483647;
			files = (
				AD142ABA868B16603148D500 /* Pods_EmplateTests.framework in Frameworks */,
			);
			runOnlyForDeploymentPostprocessing = 0;
		};
/* End PBXFrameworksBuildPhase section */

/* Begin PBXGroup section */
		4C10F18E239949CB00D60714 /* Resources */ = {
			isa = PBXGroup;
			children = (
				4C10F192239949E500D60714 /* SFUIText-Medium.ttf */,
				4C10F191239949E300D60714 /* SF-UI-Display-Medium.otf */,
				4C10F18F239949DF00D60714 /* Fonts */,
			);
			path = Resources;
			sourceTree = "<group>";
		};
		4C1B86C9239945B200E2BB9B = {
			isa = PBXGroup;
			children = (
				4C1B86D4239945B200E2BB9B /* Emplate */,
				4C1B86EB239945B400E2BB9B /* EmplateTests */,
				4C1B86D3239945B200E2BB9B /* Products */,
				8C760FAFD669780163990684 /* Pods */,
				C7BEFA8A5D3A4D7F4757E6FC /* Frameworks */,
			);
			sourceTree = "<group>";
		};
		4C1B86D3239945B200E2BB9B /* Products */ = {
			isa = PBXGroup;
			children = (
				4C1B86D2239945B200E2BB9B /* Emplate.app */,
				4C1B86E8239945B400E2BB9B /* EmplateTests.xctest */,
			);
			name = Products;
			sourceTree = "<group>";
		};
		4C1B86D4239945B200E2BB9B /* Emplate */ = {
			isa = PBXGroup;
			children = (
				4C10F18E239949CB00D60714 /* Resources */,
				4C1B86F82399488800E2BB9B /* Model */,
				4C1B86F92399489500E2BB9B /* View */,
				4C1B86F72399487D00E2BB9B /* Presenter */,
				4C1B86D5239945B200E2BB9B /* AppDelegate.swift */,
				4C1B86D7239945B200E2BB9B /* SceneDelegate.swift */,
				4C1B86DE239945B400E2BB9B /* Assets.xcassets */,
				4C1B86E0239945B400E2BB9B /* LaunchScreen.storyboard */,
				4C1B86E3239945B400E2BB9B /* Info.plist */,
				4CD0EEA5239A6E9800AE7A2F /* NetworkManager.swift */,
			);
			path = Emplate;
			sourceTree = "<group>";
		};
		4C1B86EB239945B400E2BB9B /* EmplateTests */ = {
			isa = PBXGroup;
			children = (
				4C1B86EC239945B400E2BB9B /* EmplateTests.swift */,
				4C1B86EE239945B400E2BB9B /* Info.plist */,
			);
			path = EmplateTests;
			sourceTree = "<group>";
		};
		4C1B86F72399487D00E2BB9B /* Presenter */ = {
			isa = PBXGroup;
			children = (
				4CD0EEB1239AAFD000AE7A2F /* OfferPresenter.swift */,
			);
			path = Presenter;
			sourceTree = "<group>";
		};
		4C1B86F82399488800E2BB9B /* Model */ = {
			isa = PBXGroup;
			children = (
				4CD0EEA7239A76D200AE7A2F /* Offer.swift */,
				4CD0EEA9239A788600AE7A2F /* PostField.swift */,
				4CD0EEAB239A794C00AE7A2F /* PostPeriod.swift */,
				4CD0EEAD239A795C00AE7A2F /* Thumbnail.swift */,
				4CD0EEAF239A7AED00AE7A2F /* Urls.swift */,
			);
			path = Model;
			sourceTree = "<group>";
		};
		4C1B86F92399489500E2BB9B /* View */ = {
			isa = PBXGroup;
			children = (
				4C10F19323994B3000D60714 /* Main.storyboard */,
				4C10F18C2399492E00D60714 /* Offer.storyboard */,
				4C1B86D9239945B200E2BB9B /* OfferViewController.swift */,
				4C10F18A2399490E00D60714 /* OfferCell.swift */,
			);
			path = View;
			sourceTree = "<group>";
		};
		8C760FAFD669780163990684 /* Pods */ = {
			isa = PBXGroup;
			children = (
				CF400B1245C5B2AAED89C4DD /* Pods-Emplate.debug.xcconfig */,
				0939EF47685042A07BDB6D00 /* Pods-Emplate.release.xcconfig */,
				0A502A4824A3D01185E20115 /* Pods-EmplateTests.debug.xcconfig */,
				7AF20036BBBDFD2FE226C7C8 /* Pods-EmplateTests.release.xcconfig */,
			);
			path = Pods;
			sourceTree = "<group>";
		};
		C7BEFA8A5D3A4D7F4757E6FC /* Frameworks */ = {
			isa = PBXGroup;
			children = (
				8D12A8C7A5E3CCF26B8DD41F /* Pods_Emplate.framework */,
				99AD14938340D886EE1363A7 /* Pods_EmplateTests.framework */,
			);
			name = Frameworks;
			sourceTree = "<group>";
		};
/* End PBXGroup section */

/* Begin PBXNativeTarget section */
		4C1B86D1239945B200E2BB9B /* Emplate */ = {
			isa = PBXNativeTarget;
			buildConfigurationList = 4C1B86F1239945B400E2BB9B /* Build configuration list for PBXNativeTarget "Emplate" */;
			buildPhases = (
				1485E8D173E66E460C94E0B8 /* [CP] Check Pods Manifest.lock */,
				4C1B86CE239945B200E2BB9B /* Sources */,
				4C1B86CF239945B200E2BB9B /* Frameworks */,
				4C1B86D0239945B200E2BB9B /* Resources */,
				C048CF9BA536981E9C9018FD /* [CP] Embed Pods Frameworks */,
			);
			buildRules = (
			);
			dependencies = (
			);
			name = Emplate;
			productName = Emplate;
			productReference = 4C1B86D2239945B200E2BB9B /* Emplate.app */;
			productType = "com.apple.product-type.application";
		};
		4C1B86E7239945B400E2BB9B /* EmplateTests */ = {
			isa = PBXNativeTarget;
			buildConfigurationList = 4C1B86F4239945B400E2BB9B /* Build configuration list for PBXNativeTarget "EmplateTests" */;
			buildPhases = (
				F317B0AE3E2E793510811FD8 /* [CP] Check Pods Manifest.lock */,
				4C1B86E4239945B400E2BB9B /* Sources */,
				4C1B86E5239945B400E2BB9B /* Frameworks */,
				4C1B86E6239945B400E2BB9B /* Resources */,
			);
			buildRules = (
			);
			dependencies = (
				4C1B86EA239945B400E2BB9B /* PBXTargetDependency */,
			);
			name = EmplateTests;
			productName = EmplateTests;
			productReference = 4C1B86E8239945B400E2BB9B /* EmplateTests.xctest */;
			productType = "com.apple.product-type.bundle.unit-test";
		};
/* End PBXNativeTarget section */

/* Begin PBXProject section */
		4C1B86CA239945B200E2BB9B /* Project object */ = {
			isa = PBXProject;
			attributes = {
				LastSwiftUpdateCheck = 1110;
				LastUpgradeCheck = 1110;
				ORGANIZATIONNAME = "Salma Ashour";
				TargetAttributes = {
					4C1B86D1239945B200E2BB9B = {
						CreatedOnToolsVersion = 11.1;
					};
					4C1B86E7239945B400E2BB9B = {
						CreatedOnToolsVersion = 11.1;
						TestTargetID = 4C1B86D1239945B200E2BB9B;
					};
				};
			};
			buildConfigurationList = 4C1B86CD239945B200E2BB9B /* Build configuration list for PBXProject "Emplate" */;
			compatibilityVersion = "Xcode 9.3";
			developmentRegion = en;
			hasScannedForEncodings = 0;
			knownRegions = (
				en,
				Base,
			);
			mainGroup = 4C1B86C9239945B200E2BB9B;
			productRefGroup = 4C1B86D3239945B200E2BB9B /* Products */;
			projectDirPath = "";
			projectRoot = "";
			targets = (
				4C1B86D1239945B200E2BB9B /* Emplate */,
				4C1B86E7239945B400E2BB9B /* EmplateTests */,
			);
		};
/* End PBXProject section */

/* Begin PBXResourcesBuildPhase section */
		4C1B86D0239945B200E2BB9B /* Resources */ = {
			isa = PBXResourcesBuildPhase;
			buildActionMask = 2147483647;
			files = (
				4C1B86E2239945B400E2BB9B /* LaunchScreen.storyboard in Resources */,
				4C10F19423994B3000D60714 /* Main.storyboard in Resources */,
				4C10F18D2399492E00D60714 /* Offer.storyboard in Resources */,
				4C1B86DF239945B400E2BB9B /* Assets.xcassets in Resources */,
				4C10F190239949DF00D60714 /* Fonts in Resources */,
			);
			runOnlyForDeploymentPostprocessing = 0;
		};
		4C1B86E6239945B400E2BB9B /* Resources */ = {
			isa = PBXResourcesBuildPhase;
			buildActionMask = 2147483647;
			files = (
			);
			runOnlyForDeploymentPostprocessing = 0;
		};
/* End PBXResourcesBuildPhase section */

/* Begin PBXShellScriptBuildPhase section */
		1485E8D173E66E460C94E0B8 /* [CP] Check Pods Manifest.lock */ = {
			isa = PBXShellScriptBuildPhase;
			buildActionMask = 2147483647;
			files = (
			);
			inputFileListPaths = (
			);
			inputPaths = (
				"${PODS_PODFILE_DIR_PATH}/Podfile.lock",
				"${PODS_ROOT}/Manifest.lock",
			);
			name = "[CP] Check Pods Manifest.lock";
			outputFileListPaths = (
			);
			outputPaths = (
				"$(DERIVED_FILE_DIR)/Pods-Emplate-checkManifestLockResult.txt",
			);
			runOnlyForDeploymentPostprocessing = 0;
			shellPath = /bin/sh;
			shellScript = "diff \"${PODS_PODFILE_DIR_PATH}/Podfile.lock\" \"${PODS_ROOT}/Manifest.lock\" > /dev/null\nif [ $? != 0 ] ; then\n    # print error to STDERR\n    echo \"error: The sandbox is not in sync with the Podfile.lock. Run 'pod install' or update your CocoaPods installation.\" >&2\n    exit 1\nfi\n# This output is used by Xcode 'outputs' to avoid re-running this script phase.\necho \"SUCCESS\" > \"${SCRIPT_OUTPUT_FILE_0}\"\n";
			showEnvVarsInLog = 0;
		};
		C048CF9BA536981E9C9018FD /* [CP] Embed Pods Frameworks */ = {
			isa = PBXShellScriptBuildPhase;
			buildActionMask = 2147483647;
			files = (
			);
			inputFileListPaths = (
				"${PODS_ROOT}/Target Support Files/Pods-Emplate/Pods-Emplate-frameworks-${CONFIGURATION}-input-files.xcfilelist",
			);
			name = "[CP] Embed Pods Frameworks";
			outputFileListPaths = (
				"${PODS_ROOT}/Target Support Files/Pods-Emplate/Pods-Emplate-frameworks-${CONFIGURATION}-output-files.xcfilelist",
			);
			runOnlyForDeploymentPostprocessing = 0;
			shellPath = /bin/sh;
			shellScript = "\"${PODS_ROOT}/Target Support Files/Pods-Emplate/Pods-Emplate-frameworks.sh\"\n";
			showEnvVarsInLog = 0;
		};
		F317B0AE3E2E793510811FD8 /* [CP] Check Pods Manifest.lock */ = {
			isa = PBXShellScriptBuildPhase;
			buildActionMask = 2147483647;
			files = (
			);
			inputFileListPaths = (
			);
			inputPaths = (
				"${PODS_PODFILE_DIR_PATH}/Podfile.lock",
				"${PODS_ROOT}/Manifest.lock",
			);
			name = "[CP] Check Pods Manifest.lock";
			outputFileListPaths = (
			);
			outputPaths = (
				"$(DERIVED_FILE_DIR)/Pods-EmplateTests-checkManifestLockResult.txt",
			);
			runOnlyForDeploymentPostprocessing = 0;
			shellPath = /bin/sh;
			shellScript = "diff \"${PODS_PODFILE_DIR_PATH}/Podfile.lock\" \"${PODS_ROOT}/Manifest.lock\" > /dev/null\nif [ $? != 0 ] ; then\n    # print error to STDERR\n    echo \"error: The sandbox is not in sync with the Podfile.lock. Run 'pod install' or update your CocoaPods installation.\" >&2\n    exit 1\nfi\n# This output is used by Xcode 'outputs' to avoid re-running this script phase.\necho \"SUCCESS\" > \"${SCRIPT_OUTPUT_FILE_0}\"\n";
			showEnvVarsInLog = 0;
		};
/* End PBXShellScriptBuildPhase section */

/* Begin PBXSourcesBuildPhase section */
		4C1B86CE239945B200E2BB9B /* Sources */ = {
			isa = PBXSourcesBuildPhase;
			buildActionMask = 2147483647;
			files = (
				4CD0EEA8239A76D200AE7A2F /* Offer.swift in Sources */,
				4C10F18B2399490F00D60714 /* OfferCell.swift in Sources */,
				4CD0EEB2239AAFD000AE7A2F /* OfferPresenter.swift in Sources */,
				4C1B86DA239945B200E2BB9B /* OfferViewController.swift in Sources */,
				4CD0EEAA239A788600AE7A2F /* PostField.swift in Sources */,
				4CD0EEAC239A794C00AE7A2F /* PostPeriod.swift in Sources */,
				4CD0EEAE239A795C00AE7A2F /* Thumbnail.swift in Sources */,
				4CD0EEA6239A6E9800AE7A2F /* NetworkManager.swift in Sources */,
				4C1B86D6239945B200E2BB9B /* AppDelegate.swift in Sources */,
				4C1B86D8239945B200E2BB9B /* SceneDelegate.swift in Sources */,
				4CD0EEB0239A7AED00AE7A2F /* Urls.swift in Sources */,
			);
			runOnlyForDeploymentPostprocessing = 0;
		};
		4C1B86E4239945B400E2BB9B /* Sources */ = {
			isa = PBXSourcesBuildPhase;
			buildActionMask = 2147483647;
			files = (
				4C1B86ED239945B400E2BB9B /* EmplateTests.swift in Sources */,
			);
			runOnlyForDeploymentPostprocessing = 0;
		};
/* End PBXSourcesBuildPhase section */

/* Begin PBXTargetDependency section */
		4C1B86EA239945B400E2BB9B /* PBXTargetDependency */ = {
			isa = PBXTargetDependency;
			target = 4C1B86D1239945B200E2BB9B /* Emplate */;
			targetProxy = 4C1B86E9239945B400E2BB9B /* PBXContainerItemProxy */;
		};
/* End PBXTargetDependency section */

/* Begin PBXVariantGroup section */
		4C1B86E0239945B400E2BB9B /* LaunchScreen.storyboard */ = {
			isa = PBXVariantGroup;
			children = (
				4C1B86E1239945B400E2BB9B /* Base */,
			);
			name = LaunchScreen.storyboard;
			sourceTree = "<group>";
		};
/* End PBXVariantGroup section */

/* Begin XCBuildConfiguration section */
		4C1B86EF239945B400E2BB9B /* Debug */ = {
			isa = XCBuildConfiguration;
			buildSettings = {
				ALWAYS_SEARCH_USER_PATHS = NO;
				CLANG_ANALYZER_NONNULL = YES;
				CLANG_ANALYZER_NUMBER_OBJECT_CONVERSION = YES_AGGRESSIVE;
				CLANG_CXX_LANGUAGE_STANDARD = "gnu++14";
				CLANG_CXX_LIBRARY = "libc++";
				CLANG_ENABLE_MODULES = YES;
				CLANG_ENABLE_OBJC_ARC = YES;
				CLANG_ENABLE_OBJC_WEAK = YES;
				CLANG_WARN_BLOCK_CAPTURE_AUTORELEASING = YES;
				CLANG_WARN_BOOL_CONVERSION = YES;
				CLANG_WARN_COMMA = YES;
				CLANG_WARN_CONSTANT_CONVERSION = YES;
				CLANG_WARN_DEPRECATED_OBJC_IMPLEMENTATIONS = YES;
				CLANG_WARN_DIRECT_OBJC_ISA_USAGE = YES_ERROR;
				CLANG_WARN_DOCUMENTATION_COMMENTS = YES;
				CLANG_WARN_EMPTY_BODY = YES;
				CLANG_WARN_ENUM_CONVERSION = YES;
				CLANG_WARN_INFINITE_RECURSION = YES;
				CLANG_WARN_INT_CONVERSION = YES;
				CLANG_WARN_NON_LITERAL_NULL_CONVERSION = YES;
				CLANG_WARN_OBJC_IMPLICIT_RETAIN_SELF = YES;
				CLANG_WARN_OBJC_LITERAL_CONVERSION = YES;
				CLANG_WARN_OBJC_ROOT_CLASS = YES_ERROR;
				CLANG_WARN_RANGE_LOOP_ANALYSIS = YES;
				CLANG_WARN_STRICT_PROTOTYPES = YES;
				CLANG_WARN_SUSPICIOUS_MOVE = YES;
				CLANG_WARN_UNGUARDED_AVAILABILITY = YES_AGGRESSIVE;
				CLANG_WARN_UNREACHABLE_CODE = YES;
				CLANG_WARN__DUPLICATE_METHOD_MATCH = YES;
				COPY_PHASE_STRIP = NO;
				DEBUG_INFORMATION_FORMAT = dwarf;
				ENABLE_STRICT_OBJC_MSGSEND = YES;
				ENABLE_TESTABILITY = YES;
				GCC_C_LANGUAGE_STANDARD = gnu11;
				GCC_DYNAMIC_NO_PIC = NO;
				GCC_NO_COMMON_BLOCKS = YES;
				GCC_OPTIMIZATION_LEVEL = 0;
				GCC_PREPROCESSOR_DEFINITIONS = (
					"DEBUG=1",
					"$(inherited)",
				);
				GCC_WARN_64_TO_32_BIT_CONVERSION = YES;
				GCC_WARN_ABOUT_RETURN_TYPE = YES_ERROR;
				GCC_WARN_UNDECLARED_SELECTOR = YES;
				GCC_WARN_UNINITIALIZED_AUTOS = YES_AGGRESSIVE;
				GCC_WARN_UNUSED_FUNCTION = YES;
				GCC_WARN_UNUSED_VARIABLE = YES;
				IPHONEOS_DEPLOYMENT_TARGET = 13.1;
				MTL_ENABLE_DEBUG_INFO = INCLUDE_SOURCE;
				MTL_FAST_MATH = YES;
				ONLY_ACTIVE_ARCH = YES;
				SDKROOT = iphoneos;
				SWIFT_ACTIVE_COMPILATION_CONDITIONS = DEBUG;
				SWIFT_OPTIMIZATION_LEVEL = "-Onone";
			};
			name = Debug;
		};
		4C1B86F0239945B400E2BB9B /* Release */ = {
			isa = XCBuildConfiguration;
			buildSettings = {
				ALWAYS_SEARCH_USER_PATHS = NO;
				CLANG_ANALYZER_NONNULL = YES;
				CLANG_ANALYZER_NUMBER_OBJECT_CONVERSION = YES_AGGRESSIVE;
				CLANG_CXX_LANGUAGE_STANDARD = "gnu++14";
				CLANG_CXX_LIBRARY = "libc++";
				CLANG_ENABLE_MODULES = YES;
				CLANG_ENABLE_OBJC_ARC = YES;
				CLANG_ENABLE_OBJC_WEAK = YES;
				CLANG_WARN_BLOCK_CAPTURE_AUTORELEASING = YES;
				CLANG_WARN_BOOL_CONVERSION = YES;
				CLANG_WARN_COMMA = YES;
				CLANG_WARN_CONSTANT_CONVERSION = YES;
				CLANG_WARN_DEPRECATED_OBJC_IMPLEMENTATIONS = YES;
				CLANG_WARN_DIRECT_OBJC_ISA_USAGE = YES_ERROR;
				CLANG_WARN_DOCUMENTATION_COMMENTS = YES;
				CLANG_WARN_EMPTY_BODY = YES;
				CLANG_WARN_ENUM_CONVERSION = YES;
				CLANG_WARN_INFINITE_RECURSION = YES;
				CLANG_WARN_INT_CONVERSION = YES;
				CLANG_WARN_NON_LITERAL_NULL_CONVERSION = YES;
				CLANG_WARN_OBJC_IMPLICIT_RETAIN_SELF = YES;
				CLANG_WARN_OBJC_LITERAL_CONVERSION = YES;
				CLANG_WARN_OBJC_ROOT_CLASS = YES_ERROR;
				CLANG_WARN_RANGE_LOOP_ANALYSIS = YES;
				CLANG_WARN_STRICT_PROTOTYPES = YES;
				CLANG_WARN_SUSPICIOUS_MOVE = YES;
				CLANG_WARN_UNGUARDED_AVAILABILITY = YES_AGGRESSIVE;
				CLANG_WARN_UNREACHABLE_CODE = YES;
				CLANG_WARN__DUPLICATE_METHOD_MATCH = YES;
				COPY_PHASE_STRIP = NO;
				DEBUG_INFORMATION_FORMAT = "dwarf-with-dsym";
				ENABLE_NS_ASSERTIONS = NO;
				ENABLE_STRICT_OBJC_MSGSEND = YES;
				GCC_C_LANGUAGE_STANDARD = gnu11;
				GCC_NO_COMMON_BLOCKS = YES;
				GCC_WARN_64_TO_32_BIT_CONVERSION = YES;
				GCC_WARN_ABOUT_RETURN_TYPE = YES_ERROR;
				GCC_WARN_UNDECLARED_SELECTOR = YES;
				GCC_WARN_UNINITIALIZED_AUTOS = YES_AGGRESSIVE;
				GCC_WARN_UNUSED_FUNCTION = YES;
				GCC_WARN_UNUSED_VARIABLE = YES;
				IPHONEOS_DEPLOYMENT_TARGET = 13.1;
				MTL_ENABLE_DEBUG_INFO = NO;
				MTL_FAST_MATH = YES;
				SDKROOT = iphoneos;
				SWIFT_COMPILATION_MODE = wholemodule;
				SWIFT_OPTIMIZATION_LEVEL = "-O";
				VALIDATE_PRODUCT = YES;
			};
			name = Release;
		};
		4C1B86F2239945B400E2BB9B /* Debug */ = {
			isa = XCBuildConfiguration;
			baseConfigurationReference = CF400B1245C5B2AAED89C4DD /* Pods-Emplate.debug.xcconfig */;
			buildSettings = {
				ASSETCATALOG_COMPILER_APPICON_NAME = AppIcon;
				CODE_SIGN_STYLE = Automatic;
				INFOPLIST_FILE = Emplate/Info.plist;
				LD_RUNPATH_SEARCH_PATHS = (
					"$(inherited)",
					"@executable_path/Frameworks",
				);
				PRODUCT_BUNDLE_IDENTIFIER = com.app.Emplate;
				PRODUCT_NAME = "$(TARGET_NAME)";
				SWIFT_VERSION = 5.0;
				TARGETED_DEVICE_FAMILY = "1,2";
			};
			name = Debug;
		};
		4C1B86F3239945B400E2BB9B /* Release */ = {
			isa = XCBuildConfiguration;
			baseConfigurationReference = 0939EF47685042A07BDB6D00 /* Pods-Emplate.release.xcconfig */;
			buildSettings = {
				ASSETCATALOG_COMPILER_APPICON_NAME = AppIcon;
				CODE_SIGN_STYLE = Automatic;
				INFOPLIST_FILE = Emplate/Info.plist;
				LD_RUNPATH_SEARCH_PATHS = (
					"$(inherited)",
					"@executable_path/Frameworks",
				);
				PRODUCT_BUNDLE_IDENTIFIER = com.app.Emplate;
				PRODUCT_NAME = "$(TARGET_NAME)";
				SWIFT_VERSION = 5.0;
				TARGETED_DEVICE_FAMILY = "1,2";
			};
			name = Release;
		};
		4C1B86F5239945B400E2BB9B /* Debug */ = {
			isa = XCBuildConfiguration;
			baseConfigurationReference = 0A502A4824A3D01185E20115 /* Pods-EmplateTests.debug.xcconfig */;
			buildSettings = {
				ALWAYS_EMBED_SWIFT_STANDARD_LIBRARIES = YES;
				BUNDLE_LOADER = "$(TEST_HOST)";
				CODE_SIGN_STYLE = Automatic;
				INFOPLIST_FILE = EmplateTests/Info.plist;
				IPHONEOS_DEPLOYMENT_TARGET = 13.1;
				LD_RUNPATH_SEARCH_PATHS = (
					"$(inherited)",
					"@executable_path/Frameworks",
					"@loader_path/Frameworks",
				);
				PRODUCT_BUNDLE_IDENTIFIER = com.app.EmplateTests;
				PRODUCT_NAME = "$(TARGET_NAME)";
				SWIFT_VERSION = 5.0;
				TARGETED_DEVICE_FAMILY = "1,2";
				TEST_HOST = "$(BUILT_PRODUCTS_DIR)/Emplate.app/Emplate";
			};
			name = Debug;
		};
		4C1B86F6239945B400E2BB9B /* Release */ = {
			isa = XCBuildConfiguration;
			baseConfigurationReference = 7AF20036BBBDFD2FE226C7C8 /* Pods-EmplateTests.release.xcconfig */;
			buildSettings = {
				ALWAYS_EMBED_SWIFT_STANDARD_LIBRARIES = YES;
				BUNDLE_LOADER = "$(TEST_HOST)";
				CODE_SIGN_STYLE = Automatic;
				INFOPLIST_FILE = EmplateTests/Info.plist;
				IPHONEOS_DEPLOYMENT_TARGET = 13.1;
				LD_RUNPATH_SEARCH_PATHS = (
					"$(inherited)",
					"@executable_path/Frameworks",
					"@loader_path/Frameworks",
				);
				PRODUCT_BUNDLE_IDENTIFIER = com.app.EmplateTests;
				PRODUCT_NAME = "$(TARGET_NAME)";
				SWIFT_VERSION = 5.0;
				TARGETED_DEVICE_FAMILY = "1,2";
				TEST_HOST = "$(BUILT_PRODUCTS_DIR)/Emplate.app/Emplate";
			};
			name = Release;
		};
/* End XCBuildConfiguration section */

/* Begin XCConfigurationList section */
		4C1B86CD239945B200E2BB9B /* Build configuration list for PBXProject "Emplate" */ = {
			isa = XCConfigurationList;
			buildConfigurations = (
				4C1B86EF239945B400E2BB9B /* Debug */,
				4C1B86F0239945B400E2BB9B /* Release */,
			);
			defaultConfigurationIsVisible = 0;
			defaultConfigurationName = Release;
		};
		4C1B86F1239945B400E2BB9B /* Build configuration list for PBXNativeTarget "Emplate" */ = {
			isa = XCConfigurationList;
			buildConfigurations = (
				4C1B86F2239945B400E2BB9B /* Debug */,
				4C1B86F3239945B400E2BB9B /* Release */,
			);
			defaultConfigurationIsVisible = 0;
			defaultConfigurationName = Release;
		};
		4C1B86F4239945B400E2BB9B /* Build configuration list for PBXNativeTarget "EmplateTests" */ = {
			isa = XCConfigurationList;
			buildConfigurations = (
				4C1B86F5239945B400E2BB9B /* Debug */,
				4C1B86F6239945B400E2BB9B /* Release */,
			);
			defaultConfigurationIsVisible = 0;
			defaultConfigurationName = Release;
		};
/* End XCConfigurationList section */
	};
	rootObject = 4C1B86CA239945B200E2BB9B /* Project object */;
}
